# This file was autogenerated by uv via the following command:
#    uv pip compile requirements.txt -o requirements.lock
abstract-singleton==1.0.1
    # via
    #   -r requirements.txt
    #   auto-gpt-plugin-template
accelerate==0.22.0
    # via
    #   -r requirements.txt
    #   peft
    #   petals
addict==2.4.0
    # via -r requirements.txt
aioconsole==0.6.2
    # via -r requirements.txt
aiohttp==3.8.4
    # via
    #   -r requirements.txt
    #   datasets
    #   fsspec
    #   langchain
    #   langchain-community
    #   openai
aiosignal==1.3.1
    # via
    #   -r requirements.txt
    #   aiohttp
aliyun-python-sdk-core==2.13.36
    # via
    #   -r requirements.txt
    #   aliyun-python-sdk-kms
    #   oss2
aliyun-python-sdk-kms==2.16.1
    # via
    #   -r requirements.txt
    #   oss2
annotated-types==0.7.0
    # via -r requirements.txt
anthropic==0.3.6
    # via -r requirements.txt
anyio==3.7.1
    # via
    #   -r requirements.txt
    #   anthropic
    #   httpcore
    #   starlette
    #   watchfiles
appnope==0.1.3
    # via
    #   -r requirements.txt
    #   ipykernel
    #   ipython
asgiref==3.7.2
    # via
    #   -r requirements.txt
    #   channels
    #   django
    #   opentelemetry-instrumentation-asgi
astroid==2.15.6
    # via
    #   -r requirements.txt
    #   pylint
asttokens==2.2.1
    # via
    #   -r requirements.txt
    #   icecream
    #   stack-data
async-timeout==4.0.2
    # via
    #   -r requirements.txt
    #   aiohttp
    #   petals
asyncio==3.4.3
    # via -r requirements.txt
atproto==0.0.1
    # via -r requirements.txt
attrs==23.1.0
    # via
    #   -r requirements.txt
    #   aiohttp
    #   jsonschema
    #   lancedb
auto-gpt-plugin-template @ git+https://github.com/Significant-Gravitas/Auto-GPT-Plugin-Template@7612a14c629dc64ad870eee4d05850d60e1dd9ce
    # via -r requirements.txt
backcall==0.2.0
    # via
    #   -r requirements.txt
    #   ipython
backoff==2.2.1
    # via
    #   -r requirements.txt
    #   posthog
base58==2.1.1
    # via
    #   -r requirements.txt
    #   multiaddr
bcrypt==4.1.3
    # via
    #   -r requirements.txt
    #   chromadb
bitsandbytes==0.41.1
    # via
    #   -r requirements.txt
    #   petals
black==23.7.0
    # via -r requirements.txt
bleach==6.0.0
    # via
    #   -r requirements.txt
    #   readme-renderer
blinker==1.6.2
    # via
    #   -r requirements.txt
    #   flask
blis==0.7.10
    # via
    #   -r requirements.txt
    #   thinc
bokeh==3.4.1
    # via -r requirements.txt
boto3==1.28.24
    # via -r requirements.txt
botocore==1.31.85
    # via
    #   -r requirements.txt
    #   boto3
    #   s3transfer
build==1.2.1
    # via
    #   -r requirements.txt
    #   chromadb
cachetools==5.3.3
    # via
    #   -r requirements.txt
    #   google-auth
    #   lancedb
camel-converter==3.0.2
    # via
    #   -r requirements.txt
    #   meilisearch
catalogue==2.0.9
    # via
    #   -r requirements.txt
    #   srsly
    #   thinc
certifi==2023.5.7
    # via
    #   -r requirements.txt
    #   httpcore
    #   httpx
    #   kubernetes
    #   pinecone-client
    #   requests
cffi==1.14.3
    # via
    #   -r requirements.txt
    #   cryptography
    #   sounddevice
    #   soundfile
channels==4.0.0
    # via -r requirements.txt
charset-normalizer==3.1.0
    # via
    #   -r requirements.txt
    #   aiohttp
    #   requests
chroma-hnswlib==0.7.3
    # via
    #   -r requirements.txt
    #   chromadb
chromadb==0.5.0
    # via
    #   -r requirements.txt
    #   langchain-chroma
click==8.1.6
    # via
    #   -r requirements.txt
    #   black
    #   click-log
    #   dask
    #   distributed
    #   duckduckgo-search
    #   flask
    #   nltk
    #   python-semantic-release
    #   sacremoses
    #   typer
    #   uvicorn
click-log==0.4.0
    # via
    #   -r requirements.txt
    #   python-semantic-release
cloudpickle==3.0.0
    # via
    #   -r requirements.txt
    #   dask
    #   distributed
    #   spacy
colorama==0.4.6
    # via
    #   -r requirements.txt
    #   halo
    #   icecream
    #   log-symbols
    #   twine
coloredlogs==15.0.1
    # via
    #   -r requirements.txt
    #   onnxruntime
comm==0.1.2
    # via
    #   -r requirements.txt
    #   ipykernel
confection==0.1.1
    # via
    #   -r requirements.txt
    #   thinc
configargparse==1.7
    # via
    #   -r requirements.txt
    #   hivemind
contourpy==1.2.1
    # via
    #   -r requirements.txt
    #   bokeh
    #   matplotlib
crcmod==1.7
    # via
    #   -r requirements.txt
    #   oss2
cryptography==40.0.2
    # via
    #   -r requirements.txt
    #   aliyun-python-sdk-core
    #   hivemind
    #   python-dotenv-vault
cycler==0.11.0
    # via
    #   -r requirements.txt
    #   matplotlib
cymem==2.0.7
    # via
    #   -r requirements.txt
    #   preshed
    #   spacy
    #   thinc
dask==2024.5.0
    # via
    #   -r requirements.txt
    #   dask-expr
    #   distributed
dask-expr==1.1.0
    # via -r requirements.txt
dataclasses-json==0.5.14
    # via
    #   -r requirements.txt
    #   langchain
    #   langchain-community
datasets==2.13.0
    # via -r requirements.txt
debugpy==1.6.6
    # via
    #   -r requirements.txt
    #   ipykernel
decorator==5.1.1
    # via
    #   -r requirements.txt
    #   ipython
    #   retry
deprecated==1.2.14
    # via
    #   -r requirements.txt
    #   opentelemetry-api
    #   opentelemetry-exporter-otlp-proto-grpc
deprecation==2.1.0
    # via
    #   -r requirements.txt
    #   lancedb
    #   postgrest
dijkstar==2.6.0
    # via
    #   -r requirements.txt
    #   petals
dill==0.3.6
    # via
    #   -r requirements.txt
    #   datasets
    #   multiprocess
    #   pylint
diskcache==5.6.1
    # via
    #   -r requirements.txt
    #   duckduckgo-search
distributed==2024.5.0
    # via -r requirements.txt
distro==1.8.0
    # via
    #   -r requirements.txt
    #   anthropic
django==4.2.4
    # via
    #   -r requirements.txt
    #   channels
dnspython==2.6.1
    # via
    #   -r requirements.txt
    #   email-validator
docutils==0.20.1
    # via
    #   -r requirements.txt
    #   readme-renderer
dotty-dict==1.3.1
    # via
    #   -r requirements.txt
    #   python-semantic-release
duckduckgo-search==2.9.4
    # via -r requirements.txt
einops==0.6.1
    # via -r requirements.txt
email-validator==2.1.1
    # via
    #   -r requirements.txt
    #   fastapi
embeddings==0.0.8
    # via -r requirements.txt
emoji==2.7.0
    # via
    #   -r requirements.txt
    #   stanza
et-xmlfile==1.1.0
    # via
    #   -r requirements.txt
    #   openpyxl
executing==1.2.0
    # via
    #   -r requirements.txt
    #   icecream
    #   stack-data
faiss-cpu==1.7.4
    # via -r requirements.txt
fastapi==0.111.0
    # via
    #   -r requirements.txt
    #   chromadb
    #   fastapi-cli
    #   langchain-chroma
fastapi-cli==0.0.3
    # via
    #   -r requirements.txt
    #   fastapi
filelock==3.12.2
    # via
    #   -r requirements.txt
    #   huggingface-hub
    #   torch
    #   transformers
fire==0.4.0
    # via -r requirements.txt
flake8==6.1.0
    # via -r requirements.txt
flask==2.3.2
    # via
    #   -r requirements.txt
    #   flask-cors
    #   flask-sock
flask-cors==4.0.0
    # via -r requirements.txt
flask-sock==0.6.0
    # via -r requirements.txt
flatbuffers==24.3.25
    # via
    #   -r requirements.txt
    #   onnxruntime
fonttools==4.42.0
    # via
    #   -r requirements.txt
    #   matplotlib
frozenlist==1.3.3
    # via
    #   -r requirements.txt
    #   aiohttp
    #   aiosignal
fsspec==2023.6.0
    # via
    #   -r requirements.txt
    #   dask
    #   datasets
    #   huggingface-hub
    #   torch
ftfy==6.1.1
    # via -r requirements.txt
gast==0.5.4
    # via -r requirements.txt
gitdb==4.0.10
    # via
    #   -r requirements.txt
    #   gitpython
gitpython==3.1.31
    # via
    #   -r requirements.txt
    #   python-semantic-release
google-auth==2.29.0
    # via
    #   -r requirements.txt
    #   kubernetes
googleapis-common-protos==1.63.0
    # via
    #   -r requirements.txt
    #   opentelemetry-exporter-otlp-proto-grpc
gorilla-cli==0.0.9
    # via -r requirements.txt
gotrue==1.0.2
    # via
    #   -r requirements.txt
    #   supabase
grpcio==1.58.0
    # via
    #   -r requirements.txt
    #   chromadb
    #   grpcio-tools
    #   opentelemetry-exporter-otlp-proto-grpc
    #   qdrant-client
grpcio-tools==1.58.0
    # via
    #   -r requirements.txt
    #   hivemind
    #   qdrant-client
gunicorn==21.2.0
    # via -r requirements.txt
h11==0.14.0
    # via
    #   -r requirements.txt
    #   httpcore
    #   uvicorn
    #   wsproto
h2==4.1.0
    # via
    #   -r requirements.txt
    #   httpx
halo==0.0.31
    # via
    #   -r requirements.txt
    #   gorilla-cli
hivemind==1.1.10.post2
    # via
    #   -r requirements.txt
    #   petals
hpack==4.0.0
    # via
    #   -r requirements.txt
    #   h2
httpcore==0.16.3
    # via
    #   -r requirements.txt
    #   httpx
httptools==0.6.1
    # via
    #   -r requirements.txt
    #   uvicorn
httpx==0.23.3
    # via
    #   -r requirements.txt
    #   anthropic
    #   fastapi
    #   gotrue
    #   postgrest
    #   qdrant-client
    #   storage3
    #   supabase
    #   supafunc
huggingface-hub==0.22.2
    # via
    #   -r requirements.txt
    #   datasets
    #   petals
    #   sentence-transformers
    #   tokenizers
    #   transformers
humanfriendly==10.0
    # via
    #   -r requirements.txt
    #   coloredlogs
    #   petals
hyperframe==6.0.1
    # via
    #   -r requirements.txt
    #   h2
icecream==2.1.3
    # via -r requirements.txt
idna==3.4
    # via
    #   -r requirements.txt
    #   anyio
    #   email-validator
    #   requests
    #   rfc3986
    #   yarl
importlib-metadata==6.8.0
    # via
    #   -r requirements.txt
    #   dask
    #   keyring
    #   opentelemetry-api
    #   twine
    #   yapf
importlib-resources==6.4.0
    # via
    #   -r requirements.txt
    #   chromadb
iniconfig==2.0.0
    # via
    #   -r requirements.txt
    #   pytest
invoke==1.7.3
    # via
    #   -r requirements.txt
    #   python-semantic-release
ipykernel==6.21.2
    # via -r requirements.txt
ipython==8.10.0
    # via
    #   -r requirements.txt
    #   ipykernel
isort==5.12.0
    # via
    #   -r requirements.txt
    #   pylint
itsdangerous==2.1.2
    # via
    #   -r requirements.txt
    #   flask
jaraco-classes==3.3.0
    # via
    #   -r requirements.txt
    #   keyring
jedi==0.18.2
    # via
    #   -r requirements.txt
    #   ipython
jieba==0.42.1
    # via -r requirements.txt
jinja2==3.1.2
    # via
    #   -r requirements.txt
    #   bokeh
    #   distributed
    #   fastapi
    #   flask
    #   torch
jmespath==0.10.0
    # via
    #   -r requirements.txt
    #   aliyun-python-sdk-core
    #   boto3
    #   botocore
joblib==1.3.1
    # via
    #   -r requirements.txt
    #   nltk
    #   pynndescent
    #   sacremoses
    #   scikit-learn
jq==1.7.0
    # via -r requirements.txt
jsonpatch==1.33
    # via
    #   -r requirements.txt
    #   langchain-core
jsonpointer==2.4
    # via
    #   -r requirements.txt
    #   jsonpatch
jsonschema==4.17.3
    # via -r requirements.txt
jupyter-client==8.0.3
    # via
    #   -r requirements.txt
    #   ipykernel
jupyter-core==5.2.0
    # via
    #   -r requirements.txt
    #   ipykernel
    #   jupyter-client
keyring==24.2.0
    # via
    #   -r requirements.txt
    #   twine
kiwisolver==1.4.4
    # via
    #   -r requirements.txt
    #   matplotlib
kubernetes==29.0.0
    # via
    #   -r requirements.txt
    #   chromadb
lancedb==0.8.0
    # via -r requirements.txt
langchain==0.2.0
    # via
    #   -r requirements.txt
    #   langchain-community
langchain-chroma==0.1.1
    # via -r requirements.txt
langchain-community==0.2.0
    # via -r requirements.txt
langchain-core==0.2.2
    # via
    #   langchain
    #   langchain-chroma
    #   langchain-community
    #   langchain-text-splitters
langchain-text-splitters==0.2.0
    # via
    #   -r requirements.txt
    #   langchain
langchainplus-sdk==0.0.20
    # via -r requirements.txt
langcodes==3.3.0
    # via -r requirements.txt
langsmith==0.1.56
    # via
    #   -r requirements.txt
    #   langchain
    #   langchain-community
    #   langchain-core
lazy-object-proxy==1.9.0
    # via
    #   -r requirements.txt
    #   astroid
llvmlite==0.42.0
    # via
    #   -r requirements.txt
    #   numba
    #   pynndescent
locket==1.0.0
    # via
    #   -r requirements.txt
    #   distributed
    #   partd
log-symbols==0.0.14
    # via
    #   -r requirements.txt
    #   halo
logger==1.4
    # via -r requirements.txt
loguru==0.6.0
    # via -r requirements.txt
lxml==4.9.3
    # via
    #   -r requirements.txt
    #   python-docx
lz4==4.3.3
    # via -r requirements.txt
markdown-it-py==2.2.0
    # via
    #   -r requirements.txt
    #   rich
markupsafe==2.1.3
    # via
    #   -r requirements.txt
    #   jinja2
    #   werkzeug
marshmallow==3.20.1
    # via
    #   -r requirements.txt
    #   dataclasses-json
matplotlib==3.7.2
    # via -r requirements.txt
matplotlib-inline==0.1.6
    # via
    #   -r requirements.txt
    #   ipykernel
    #   ipython
mccabe==0.7.0
    # via
    #   -r requirements.txt
    #   flake8
    #   pylint
mdurl==0.1.2
    # via
    #   -r requirements.txt
    #   markdown-it-py
meilisearch==0.21.0
    # via -r requirements.txt
mmh3==4.1.0
    # via
    #   -r requirements.txt
    #   chromadb
mock==5.1.0
    # via
    #   -r requirements.txt
    #   subword-nmt
monotonic==1.6
    # via
    #   -r requirements.txt
    #   posthog
more-itertools==10.0.0
    # via
    #   -r requirements.txt
    #   jaraco-classes
mpmath==1.3.0
    # via
    #   -r requirements.txt
    #   sympy
msgpack==1.0.5
    # via
    #   -r requirements.txt
    #   distributed
    #   hivemind
multiaddr==0.0.9
    # via
    #   -r requirements.txt
    #   hivemind
multidict==6.0.4
    # via
    #   -r requirements.txt
    #   aiohttp
    #   yarl
multiprocess==0.70.14
    # via
    #   -r requirements.txt
    #   datasets
murmurhash==1.0.9
    # via
    #   -r requirements.txt
    #   preshed
    #   spacy
    #   thinc
mypy==1.13.0
    # via -r requirements.txt
mypy-extensions==1.0.0
    # via
    #   -r requirements.txt
    #   black
    #   mypy
    #   typing-inspect
nest-asyncio==1.5.6
    # via
    #   -r requirements.txt
    #   ipykernel
netaddr==0.8.0
    # via
    #   -r requirements.txt
    #   multiaddr
networkx==3.1
    # via
    #   -r requirements.txt
    #   torch
nltk==3.8.1
    # via
    #   -r requirements.txt
    #   sentence-transformers
numba==0.59.1
    # via
    #   -r requirements.txt
    #   pynndescent
    #   umap-learn
numexpr==2.8.4
    # via -r requirements.txt
numpy==1.24.3
    # via
    #   -r requirements.txt
    #   accelerate
    #   blis
    #   bokeh
    #   chroma-hnswlib
    #   chromadb
    #   contourpy
    #   datasets
    #   embeddings
    #   hivemind
    #   langchain
    #   langchain-chroma
    #   langchain-community
    #   matplotlib
    #   numba
    #   numexpr
    #   onnxruntime
    #   pandas
    #   peft
    #   pyarrow
    #   pylance
    #   qdrant-client
    #   scikit-learn
    #   scipy
    #   sentence-transformers
    #   seqeval
    #   spacy
    #   stanza
    #   thinc
    #   torchvision
    #   transformers
    #   umap-learn
oauthlib==3.2.2
    # via
    #   -r requirements.txt
    #   kubernetes
    #   requests-oauthlib
onnxruntime==1.18.0
    # via
    #   -r requirements.txt
    #   chromadb
openai==0.27.6
    # via -r requirements.txt
openapi-schema-pydantic==1.2.4
    # via -r requirements.txt
openpyxl==3.1.2
    # via -r requirements.txt
opentelemetry-api==1.24.0
    # via
    #   -r requirements.txt
    #   chromadb
    #   opentelemetry-exporter-otlp-proto-grpc
    #   opentelemetry-instrumentation
    #   opentelemetry-instrumentation-asgi
    #   opentelemetry-instrumentation-fastapi
    #   opentelemetry-sdk
opentelemetry-exporter-otlp-proto-common==1.24.0
    # via
    #   -r requirements.txt
    #   opentelemetry-exporter-otlp-proto-grpc
opentelemetry-exporter-otlp-proto-grpc==1.24.0
    # via
    #   -r requirements.txt
    #   chromadb
opentelemetry-instrumentation==0.45b0
    # via
    #   -r requirements.txt
    #   opentelemetry-instrumentation-asgi
    #   opentelemetry-instrumentation-fastapi
opentelemetry-instrumentation-asgi==0.45b0
    # via
    #   -r requirements.txt
    #   opentelemetry-instrumentation-fastapi
opentelemetry-instrumentation-fastapi==0.45b0
    # via
    #   -r requirements.txt
    #   chromadb
opentelemetry-proto==1.24.0
    # via
    #   -r requirements.txt
    #   opentelemetry-exporter-otlp-proto-common
    #   opentelemetry-exporter-otlp-proto-grpc
opentelemetry-sdk==1.24.0
    # via
    #   -r requirements.txt
    #   chromadb
    #   opentelemetry-exporter-otlp-proto-grpc
opentelemetry-semantic-conventions==0.45b0
    # via
    #   -r requirements.txt
    #   opentelemetry-instrumentation-asgi
    #   opentelemetry-instrumentation-fastapi
    #   opentelemetry-sdk
opentelemetry-util-http==0.45b0
    # via
    #   -r requirements.txt
    #   opentelemetry-instrumentation-asgi
    #   opentelemetry-instrumentation-fastapi
orjson==3.10.3
    # via
    #   -r requirements.txt
    #   chromadb
    #   fastapi
    #   langsmith
oss2==2.18.1
    # via -r requirements.txt
overrides==7.7.0
    # via
    #   -r requirements.txt
    #   chromadb
    #   lancedb
packaging==23.2
    # via
    #   -r requirements.txt
    #   accelerate
    #   black
    #   bokeh
    #   build
    #   dask
    #   datasets
    #   deprecation
    #   distributed
    #   gunicorn
    #   hivemind
    #   huggingface-hub
    #   ipykernel
    #   langchain-core
    #   marshmallow
    #   matplotlib
    #   onnxruntime
    #   peft
    #   petals
    #   pytest
    #   python-semantic-release
    #   thinc
    #   transformers
pandas==2.2.2
    # via
    #   -r requirements.txt
    #   bokeh
    #   dask-expr
    #   datasets
parso==0.8.3
    # via
    #   -r requirements.txt
    #   jedi
partd==1.4.2
    # via
    #   -r requirements.txt
    #   dask
pathspec==0.11.2
    # via
    #   -r requirements.txt
    #   black
pathy==0.10.2
    # via -r requirements.txt
peft==0.5.0
    # via
    #   -r requirements.txt
    #   petals
petals @ git+https://github.com/bigscience-workshop/petals@158621677bac37572c2cf256c419472d507d451c
    # via -r requirements.txt
pexpect==4.8.0
    # via
    #   -r requirements.txt
    #   ipython
pickleshare==0.7.5
    # via
    #   -r requirements.txt
    #   ipython
pillow==10.0.0
    # via
    #   -r requirements.txt
    #   bokeh
    #   matplotlib
    #   torchvision
pinecone-client==3.2.2
    # via -r requirements.txt
pkginfo==1.9.6
    # via
    #   -r requirements.txt
    #   twine
plac==1.4.3
    # via spacy
platformdirs==3.10.0
    # via
    #   -r requirements.txt
    #   black
    #   jupyter-core
    #   pylint
    #   yapf
pluggy==1.2.0
    # via
    #   -r requirements.txt
    #   pytest
portalocker==2.8.2
    # via
    #   -r requirements.txt
    #   qdrant-client
postgrest==0.10.6
    # via
    #   -r requirements.txt
    #   supabase
posthog==3.5.0
    # via
    #   -r requirements.txt
    #   chromadb
prefetch-generator==1.0.3
    # via
    #   -r requirements.txt
    #   hivemind
preshed==3.0.8
    # via
    #   -r requirements.txt
    #   spacy
    #   thinc
prompt-toolkit==3.0.38
    # via
    #   -r requirements.txt
    #   gorilla-cli
    #   ipython
protobuf==4.24.3
    # via
    #   -r requirements.txt
    #   googleapis-common-protos
    #   grpcio-tools
    #   hivemind
    #   onnxruntime
    #   opentelemetry-proto
    #   stanza
psutil==5.9.4
    # via
    #   -r requirements.txt
    #   accelerate
    #   distributed
    #   ipykernel
    #   peft
ptyprocess==0.7.0
    # via
    #   -r requirements.txt
    #   pexpect
pure-eval==0.2.2
    # via
    #   -r requirements.txt
    #   stack-data
py==1.11.0
    # via
    #   -r requirements.txt
    #   retry
pyarrow==12.0.1
    # via
    #   -r requirements.txt
    #   dask-expr
    #   datasets
    #   pylance
pyarrow-hotfix==0.6
    # via -r requirements.txt
pyasn1==0.6.0
    # via
    #   -r requirements.txt
    #   pyasn1-modules
    #   rsa
pyasn1-modules==0.4.0
    # via
    #   -r requirements.txt
    #   google-auth
pycairo==1.27.0
    # via
    #   -r requirements.txt
    #   pygobject
pycodestyle==2.11.0
    # via
    #   -r requirements.txt
    #   flake8
pycparser==2.21
    # via
    #   -r requirements.txt
    #   cffi
pycryptodome==3.18.0
    # via
    #   -r requirements.txt
    #   oss2
pydantic==1.10.19
    # via
    #   -r requirements.txt
    #   anthropic
    #   camel-converter
    #   chromadb
    #   confection
    #   fastapi
    #   gotrue
    #   hivemind
    #   lancedb
    #   langchain
    #   langchain-core
    #   langchainplus-sdk
    #   langsmith
    #   openapi-schema-pydantic
    #   petals
    #   postgrest
    #   qdrant-client
    #   thinc
pydantic-core==2.27.2
    # via -r requirements.txt
pyflakes==3.1.0
    # via
    #   -r requirements.txt
    #   flake8
pygame==2.5.2
    # via -r requirements.txt
pygments==2.15.1
    # via
    #   -r requirements.txt
    #   icecream
    #   ipython
    #   readme-renderer
    #   rich
pygobject==3.50.0
    # via -r requirements.txt
pylance==0.11.0
    # via
    #   -r requirements.txt
    #   lancedb
pylint==2.17.5
    # via -r requirements.txt
pymultihash==0.8.2
    # via
    #   -r requirements.txt
    #   hivemind
pynndescent==0.5.12
    # via
    #   -r requirements.txt
    #   umap-learn
pyparsing==3.0.9
    # via
    #   -r requirements.txt
    #   matplotlib
pypdf2==3.0.1
    # via -r requirements.txt
pyperclip==1.8.2
    # via -r requirements.txt
pypika==0.48.9
    # via
    #   -r requirements.txt
    #   chromadb
pyproject-hooks==1.0.0
    # via
    #   -r requirements.txt
    #   build
pyrsistent==0.19.3
    # via
    #   -r requirements.txt
    #   jsonschema
pytest==7.3.1
    # via -r requirements.txt
pythainlp==4.0.2
    # via -r requirements.txt
python-crfsuite==0.9.9
    # via
    #   -r requirements.txt
    #   sklearn-crfsuite
python-dateutil==2.8.2
    # via
    #   -r requirements.txt
    #   botocore
    #   jupyter-client
    #   kubernetes
    #   matplotlib
    #   pandas
    #   posthog
    #   realtime
    #   storage3
python-docx==0.8.11
    # via -r requirements.txt
python-dotenv==0.21.1
    # via
    #   -r requirements.txt
    #   python-dotenv-vault
    #   uvicorn
python-dotenv-vault==0.6.1
    # via -r requirements.txt
python-gitlab==3.15.0
    # via
    #   -r requirements.txt
    #   python-semantic-release
python-multipart==0.0.9
    # via
    #   -r requirements.txt
    #   fastapi
python-semantic-release==7.33.2
    # via
    #   -r requirements.txt
    #   supabase
pytz==2023.3
    # via
    #   -r requirements.txt
    #   pandas
pyvi==0.1.1
    # via -r requirements.txt
pyyaml==6.0
    # via
    #   -r requirements.txt
    #   accelerate
    #   bokeh
    #   chromadb
    #   dask
    #   datasets
    #   distributed
    #   hivemind
    #   huggingface-hub
    #   kubernetes
    #   langchain
    #   langchain-community
    #   langchain-core
    #   peft
    #   transformers
    #   uvicorn
pyzmq==25.0.0
    # via
    #   -r requirements.txt
    #   ipykernel
    #   jupyter-client
qdrant-client==1.9.1
    # via -r requirements.txt
ratelimiter==1.2.0.post0
    # via
    #   -r requirements.txt
    #   lancedb
readme-renderer==40.0
    # via
    #   -r requirements.txt
    #   twine
realtime==1.0.0
    # via
    #   -r requirements.txt
    #   supabase
regex==2023.6.3
    # via
    #   -r requirements.txt
    #   nltk
    #   sacremoses
    #   tiktoken
    #   transformers
requests==2.32.3
    # via
    #   -r requirements.txt
    #   chromadb
    #   datasets
    #   duckduckgo-search
    #   embeddings
    #   fsspec
    #   gorilla-cli
    #   huggingface-hub
    #   kubernetes
    #   lancedb
    #   langchain
    #   langchain-community
    #   langchainplus-sdk
    #   langsmith
    #   meilisearch
    #   openai
    #   oss2
    #   posthog
    #   pythainlp
    #   python-gitlab
    #   python-semantic-release
    #   requests-oauthlib
    #   requests-toolbelt
    #   stanza
    #   tiktoken
    #   transformers
    #   twine
    #   youtube-transcript-api
requests-oauthlib==2.0.0
    # via
    #   -r requirements.txt
    #   kubernetes
requests-toolbelt==1.0.0
    # via
    #   -r requirements.txt
    #   python-gitlab
    #   twine
retry==0.9.2
    # via
    #   -r requirements.txt
    #   lancedb
rfc3986==1.5.0
    # via
    #   -r requirements.txt
    #   httpx
    #   twine
rich==13.3.5
    # via
    #   -r requirements.txt
    #   typer
rouge==1.0.1
    # via -r requirements.txt
rsa==4.9
    # via
    #   -r requirements.txt
    #   google-auth
ruff==0.8.3
    # via -r requirements.txt
s3transfer==0.6.1
    # via
    #   -r requirements.txt
    #   boto3
sacremoses==0.0.53
    # via -r requirements.txt
safetensors==0.4.2
    # via
    #   -r requirements.txt
    #   peft
    #   petals
    #   transformers
scikit-learn==1.3.0
    # via
    #   -r requirements.txt
    #   pynndescent
    #   pyvi
    #   sentence-transformers
    #   seqeval
    #   umap-learn
scipy==1.10.1
    # via
    #   -r requirements.txt
    #   hivemind
    #   pynndescent
    #   scikit-learn
    #   sentence-transformers
    #   umap-learn
semver==2.13.0
    # via
    #   -r requirements.txt
    #   lancedb
    #   python-semantic-release
sentence-transformers==2.2.2
    # via -r requirements.txt
sentencepiece==0.1.99
    # via
    #   -r requirements.txt
    #   petals
    #   sentence-transformers
seqeval==1.2.2
    # via -r requirements.txt
setuptools==75.6.0
    # via
    #   grpcio-tools
    #   opentelemetry-instrumentation
    #   thinc
shellingham==1.5.4
    # via
    #   -r requirements.txt
    #   typer
simple-websocket==0.10.1
    # via
    #   -r requirements.txt
    #   flask-sock
simplejson==3.19.1
    # via -r requirements.txt
six==1.16.0
    # via
    #   -r requirements.txt
    #   asttokens
    #   bleach
    #   dijkstar
    #   fire
    #   halo
    #   kubernetes
    #   multiaddr
    #   oss2
    #   posthog
    #   python-dateutil
    #   rouge
    #   sacremoses
    #   sklearn-crfsuite
    #   spacy
    #   stanza
sklearn-crfsuite==0.3.6
    # via
    #   -r requirements.txt
    #   pyvi
smart-open==6.3.0
    # via
    #   -r requirements.txt
    #   pathy
smmap==5.0.0
    # via
    #   -r requirements.txt
    #   gitdb
sniffio==1.3.0
    # via
    #   -r requirements.txt
    #   anyio
    #   httpcore
    #   httpx
sortedcontainers==2.4.0
    # via
    #   -r requirements.txt
    #   distributed
    #   hivemind
sounddevice==0.4.6
    # via -r requirements.txt
soundfile==0.12.1
    # via -r requirements.txt
spacy==0.98
    # via -r requirements.txt
spacy-legacy==3.0.12
    # via -r requirements.txt
spacy-loggers==1.0.4
    # via -r requirements.txt
speedtest-cli==2.1.3
    # via
    #   -r requirements.txt
    #   petals
spinners==0.0.24
    # via
    #   -r requirements.txt
    #   halo
sqlalchemy==2.0.19
    # via
    #   -r requirements.txt
    #   langchain
    #   langchain-community
sqlparse==0.4.4
    # via
    #   -r requirements.txt
    #   django
srsly==2.4.7
    # via
    #   -r requirements.txt
    #   confection
    #   thinc
stack-data==0.6.2
    # via
    #   -r requirements.txt
    #   ipython
stanza==1.5.0
    # via -r requirements.txt
starlette==0.37.2
    # via
    #   -r requirements.txt
    #   fastapi
storage3==0.5.3
    # via
    #   -r requirements.txt
    #   supabase
strenum==0.4.15
    # via
    #   -r requirements.txt
    #   postgrest
subword-nmt==0.3.8
    # via -r requirements.txt
supabase==1.0.3
    # via -r requirements.txt
supafunc==0.2.2
    # via
    #   -r requirements.txt
    #   supabase
sympy==1.12
    # via
    #   -r requirements.txt
    #   onnxruntime
    #   torch
tabulate==0.9.0
    # via sklearn-crfsuite
tblib==3.0.0
    # via
    #   -r requirements.txt
    #   distributed
tenacity==8.2.3
    # via
    #   -r requirements.txt
    #   chromadb
    #   langchain
    #   langchain-community
    #   langchain-core
    #   langchainplus-sdk
tensor-parallel==1.0.23
    # via
    #   -r requirements.txt
    #   petals
termcolor==2.3.0
    # via
    #   -r requirements.txt
    #   fire
    #   halo
text-unidecode==1.3
    # via spacy
thinc==8.1.11
    # via
    #   -r requirements.txt
    #   spacy
threadpoolctl==3.2.0
    # via
    #   -r requirements.txt
    #   scikit-learn
tiktoken==0.8.0
    # via -r requirements.txt
tokenizers==0.15.2
    # via
    #   -r requirements.txt
    #   anthropic
    #   chromadb
    #   petals
    #   transformers
tomli==2.0.1
    # via
    #   -r requirements.txt
    #   yapf
tomlkit==0.12.1
    # via
    #   -r requirements.txt
    #   pylint
    #   python-semantic-release
toolz==0.12.1
    # via
    #   -r requirements.txt
    #   dask
    #   distributed
    #   partd
torch==2.4.1
    # via
    #   -r requirements.txt
    #   accelerate
    #   hivemind
    #   peft
    #   petals
    #   sentence-transformers
    #   stanza
    #   tensor-parallel
    #   torchaudio
    #   torchvision
torchaudio==2.4.1
    # via -r requirements.txt
torchvision==0.19.1
    # via
    #   -r requirements.txt
    #   sentence-transformers
tornado==6.2
    # via
    #   -r requirements.txt
    #   bokeh
    #   distributed
    #   ipykernel
    #   jupyter-client
tqdm==4.65.0
    # via
    #   -r requirements.txt
    #   chromadb
    #   datasets
    #   embeddings
    #   huggingface-hub
    #   lancedb
    #   nltk
    #   openai
    #   peft
    #   pinecone-client
    #   sacremoses
    #   sentence-transformers
    #   sklearn-crfsuite
    #   stanza
    #   subword-nmt
    #   transformers
    #   twine
    #   umap-learn
traitlets==5.9.0
    # via
    #   -r requirements.txt
    #   comm
    #   ipykernel
    #   ipython
    #   jupyter-client
    #   jupyter-core
    #   matplotlib-inline
transformers==4.38.1
    # via
    #   -r requirements.txt
    #   peft
    #   petals
    #   sentence-transformers
    #   tensor-parallel
twine==3.8.0
    # via
    #   -r requirements.txt
    #   python-semantic-release
typer==0.12.3
    # via
    #   -r requirements.txt
    #   chromadb
    #   fastapi-cli
    #   pathy
typing-extensions==4.11.0
    # via
    #   -r requirements.txt
    #   anthropic
    #   chromadb
    #   fastapi
    #   huggingface-hub
    #   mypy
    #   opentelemetry-sdk
    #   pinecone-client
    #   pydantic
    #   pydantic-core
    #   realtime
    #   sqlalchemy
    #   storage3
    #   torch
    #   typer
    #   typing-inspect
typing-inspect==0.8.0
    # via
    #   -r requirements.txt
    #   dataclasses-json
tzdata==2023.3
    # via
    #   -r requirements.txt
    #   pandas
ujson==5.10.0
    # via
    #   -r requirements.txt
    #   fastapi
    #   spacy
umap-learn==0.5.5
    # via -r requirements.txt
urllib3==2.0.2
    # via
    #   -r requirements.txt
    #   botocore
    #   distributed
    #   kubernetes
    #   pinecone-client
    #   qdrant-client
    #   requests
    #   twine
uvicorn==0.29.0
    # via
    #   -r requirements.txt
    #   chromadb
    #   fastapi
    #   fastapi-cli
uvloop==0.17.0
    # via
    #   -r requirements.txt
    #   hivemind
    #   uvicorn
varint==1.0.2
    # via
    #   -r requirements.txt
    #   multiaddr
wasabi==0.10.1
    # via
    #   -r requirements.txt
    #   thinc
watchfiles==0.21.0
    # via
    #   -r requirements.txt
    #   uvicorn
wcwidth==0.2.6
    # via
    #   -r requirements.txt
    #   ftfy
    #   prompt-toolkit
webencodings==0.5.1
    # via
    #   -r requirements.txt
    #   bleach
websocket-client==1.8.0
    # via
    #   -r requirements.txt
    #   kubernetes
websockets==10.4
    # via
    #   -r requirements.txt
    #   realtime
    #   uvicorn
werkzeug==2.3.6
    # via
    #   -r requirements.txt
    #   flask
wheel==0.45.1
    # via python-semantic-release
wrapt==1.15.0
    # via
    #   -r requirements.txt
    #   astroid
    #   deprecated
    #   opentelemetry-instrumentation
wsproto==1.2.0
    # via
    #   -r requirements.txt
    #   simple-websocket
xxhash==3.3.0
    # via
    #   -r requirements.txt
    #   datasets
xyzservices==2024.4.0
    # via
    #   -r requirements.txt
    #   bokeh
yapf==0.40.1
    # via -r requirements.txt
yarl==1.9.2
    # via
    #   -r requirements.txt
    #   aiohttp
youtube-transcript-api==0.6.2
    # via -r requirements.txt
zhconv==1.4.3
    # via -r requirements.txt
zict==3.0.0
    # via
    #   -r requirements.txt
    #   distributed
zipp==3.16.2
    # via
    #   -r requirements.txt
    #   importlib-metadata
